
Microsoft Visual Studio Solution File, Format Version 12.00
# Visual Studio 2013
VisualStudioVersion = 12.0.40629.0
MinimumVisualStudioVersion = 10.0.40219.1
Project("{8BC9CEB8-8B4A-11D0-8D11-00A0C91BC942}") = "function_pointer", "function_pointer\function_pointer.vcxproj", "{AA360DDD-FACE-4436-9886-8027C4163FCE}"
EndProject
Project("{8BC9CEB8-8B4A-11D0-8D11-00A0C91BC942}") = "array_pointer", "array_pointer\array_pointer.vcxproj", "{69DBD5F8-F5B8-41DB-9A82-A4F2F0205FDF}"
EndProject
Project("{8BC9CEB8-8B4A-11D0-8D11-00A0C91BC942}") = "template_function", "template_function\template_function.vcxproj", "{A8219E46-6F93-4BE1-B068-604A14A16463}"
EndProject
Project("{8BC9CEB8-8B4A-11D0-8D11-00A0C91BC942}") = "struct_square", "struct_square\struct_square.vcxproj", "{B1F47E82-D421-4D90-9886-A040AB56814D}"
EndProject
Project("{8BC9CEB8-8B4A-11D0-8D11-00A0C91BC942}") = "enum_days", "enum_days\enum_days.vcxproj", "{82D22FC0-8191-4879-8026-2371217B1127}"
EndProject
Project("{8BC9CEB8-8B4A-11D0-8D11-00A0C91BC942}") = "file_operations", "file_operations\file_operations.vcxproj", "{07A12A41-51C0-4DB4-87B7-574A0DDE4406}"
EndProject
Global
	GlobalSection(SolutionConfigurationPlatforms) = preSolution
		Debug|Win32 = Debug|Win32
		Release|Win32 = Release|Win32
	EndGlobalSection
	GlobalSection(ProjectConfigurationPlatforms) = postSolution
		{AA360DDD-FACE-4436-9886-8027C4163FCE}.Debug|Win32.ActiveCfg = Debug|Win32
		{AA360DDD-FACE-4436-9886-8027C4163FCE}.Debug|Win32.Build.0 = Debug|Win32
		{AA360DDD-FACE-4436-9886-8027C4163FCE}.Release|Win32.ActiveCfg = Release|Win32
		{AA360DDD-FACE-4436-9886-8027C4163FCE}.Release|Win32.Build.0 = Release|Win32
		{69DBD5F8-F5B8-41DB-9A82-A4F2F0205FDF}.Debug|Win32.ActiveCfg = Debug|Win32
		{69DBD5F8-F5B8-41DB-9A82-A4F2F0205FDF}.Debug|Win32.Build.0 = Debug|Win32
		{69DBD5F8-F5B8-41DB-9A82-A4F2F0205FDF}.Release|Win32.ActiveCfg = Release|Win32
		{69DBD5F8-F5B8-41DB-9A82-A4F2F0205FDF}.Release|Win32.Build.0 = Release|Win32
		{A8219E46-6F93-4BE1-B068-604A14A16463}.Debug|Win32.ActiveCfg = Debug|Win32
		{A8219E46-6F93-4BE1-B068-604A14A16463}.Debug|Win32.Build.0 = Debug|Win32
		{A8219E46-6F93-4BE1-B068-604A14A16463}.Release|Win32.ActiveCfg = Release|Win32
		{A8219E46-6F93-4BE1-B068-604A14A16463}.Release|Win32.Build.0 = Release|Win32
		{B1F47E82-D421-4D90-9886-A040AB56814D}.Debug|Win32.ActiveCfg = Debug|Win32
		{B1F47E82-D421-4D90-9886-A040AB56814D}.Debug|Win32.Build.0 = Debug|Win32
		{B1F47E82-D421-4D90-9886-A040AB56814D}.Release|Win32.ActiveCfg = Release|Win32
		{B1F47E82-D421-4D90-9886-A040AB56814D}.Release|Win32.Build.0 = Release|Win32
		{82D22FC0-8191-4879-8026-2371217B1127}.Debug|Win32.ActiveCfg = Debug|Win32
		{82D22FC0-8191-4879-8026-2371217B1127}.Debug|Win32.Build.0 = Debug|Win32
		{82D22FC0-8191-4879-8026-2371217B1127}.Release|Win32.ActiveCfg = Release|Win32
		{82D22FC0-8191-4879-8026-2371217B1127}.Release|Win32.Build.0 = Release|Win32
		{07A12A41-51C0-4DB4-87B7-574A0DDE4406}.Debug|Win32.ActiveCfg = Debug|Win32
		{07A12A41-51C0-4DB4-87B7-574A0DDE4406}.Debug|Win32.Build.0 = Debug|Win32
		{07A12A41-51C0-4DB4-87B7-574A0DDE4406}.Release|Win32.ActiveCfg = Release|Win32
		{07A12A41-51C0-4DB4-87B7-574A0DDE4406}.Release|Win32.Build.0 = Release|Win32
	EndGlobalSection
	GlobalSection(SolutionProperties) = preSolution
		HideSolutionNode = FALSE
	EndGlobalSection
EndGlobal
